{
  "requires": true,
  "lockfileVersion": 1,
  "dependencies": {
    "animate.sass": {
      "version": "1.0.1",
      "resolved": "https://registry.npmjs.org/animate.sass/-/animate.sass-1.0.1.tgz",
      "integrity": "sha1-iYYTyg/8YO4HwK+4tiyjs8Q//pE=",
      "requires": {
        "jquery": "1.*"
      }
    },
    "jquery": {
      "version": "1.12.4",
      "resolved": "https://registry.npmjs.org/jquery/-/jquery-1.12.4.tgz",
      "integrity": "sha1-AeHfuikP5z3rp3zurLD5ui/sngw="
    }
  }
}
